
Microsoft Visual Studio Solution File, Format Version 10.00
# Visual C# Express 2008
Project("{FAE04EC0-301F-11D3-BF4B-00C04F79EFBC}") = "SistemuProgrSRS", "SistemuProgrSRS\SistemuProgrSRS.csproj", "{0932BD7E-5768-423D-BB5C-B08573D99342}"
EndProject
Global
	GlobalSection(SolutionConfigurationPlatforms) = preSolution
		Debug|Any CPU = Debug|Any CPU
		Release|Any CPU = Release|Any CPU
	EndGlobalSection
	GlobalSection(ProjectConfigurationPlatforms) = postSolution
		{0932BD7E-5768-423D-BB5C-B08573D99342}.Debug|Any CPU.ActiveCfg = Debug|Any CPU
		{0932BD7E-5768-423D-BB5C-B08573D99342}.Debug|Any CPU.Build.0 = Debug|Any CPU
		{0932BD7E-5768-423D-BB5C-B08573D99342}.Release|Any CPU.ActiveCfg = Release|Any CPU
		{0932BD7E-5768-423D-BB5C-B08573D99342}.Release|Any CPU.Build.0 = Release|Any CPU
	EndGlobalSection
	GlobalSection(SolutionProperties) = preSolution
		HideSolutionNode = FALSE
	EndGlobalSection
EndGlobal
